
Microsoft Visual Studio Solution File, Format Version 12.00
# Visual Studio Version 17
VisualStudioVersion = 17.8.34227.203
MinimumVisualStudioVersion = 10.0.40219.1
Project("{FAE04EC0-301F-11D3-BF4B-00C04F79EFBC}") = "CollectionManager", "CollectionManager\CollectionManager.csproj", "{990EA4BC-206B-4BE5-9AED-A035D2EF32CA}"
EndProject
Global
	GlobalSection(SolutionConfigurationPlatforms) = preSolution
		Debug|Any CPU = Debug|Any CPU
		Release|Any CPU = Release|Any CPU
	EndGlobalSection
	GlobalSection(ProjectConfigurationPlatforms) = postSolution
		{990EA4BC-206B-4BE5-9AED-A035D2EF32CA}.Debug|Any CPU.ActiveCfg = Debug|Any CPU
		{990EA4BC-206B-4BE5-9AED-A035D2EF32CA}.Debug|Any CPU.Build.0 = Debug|Any CPU
		{990EA4BC-206B-4BE5-9AED-A035D2EF32CA}.Debug|Any CPU.Deploy.0 = Debug|Any CPU
		{990EA4BC-206B-4BE5-9AED-A035D2EF32CA}.Release|Any CPU.ActiveCfg = Release|Any CPU
		{990EA4BC-206B-4BE5-9AED-A035D2EF32CA}.Release|Any CPU.Build.0 = Release|Any CPU
		{990EA4BC-206B-4BE5-9AED-A035D2EF32CA}.Release|Any CPU.Deploy.0 = Release|Any CPU
	EndGlobalSection
	GlobalSection(SolutionProperties) = preSolution
		HideSolutionNode = FALSE
	EndGlobalSection
	GlobalSection(ExtensibilityGlobals) = postSolution
		SolutionGuid = {F73D76B3-C0A4-4154-A693-9A78F1658DEF}
	EndGlobalSection
EndGlobal
